// !$*UTF8*$!
{
	archiveVersion = 1;
	classes = {
	};
	objectVersion = 48;
	objects = {

/* Begin PBXBuildFile section */
		89987CA920C0318C004D67A5 /* AppDelegate.m in Sources */ = {isa = PBXBuildFile; fileRef = 89987CA820C0318C004D67A5 /* AppDelegate.m */; };
		89987CAC20C0318C004D67A5 /* ViewController.m in Sources */ = {isa = PBXBuildFile; fileRef = 89987CAB20C0318C004D67A5 /* ViewController.m */; };
		89987CB220C0318C004D67A5 /* Imaga_Template.xcdatamodeld in Sources */ = {isa = PBXBuildFile; fileRef = 89987CB020C0318C004D67A5 /* Imaga_Template.xcdatamodeld */; };
		89987CB420C0318C004D67A5 /* Assets.xcassets in Resources */ = {isa = PBXBuildFile; fileRef = 89987CB320C0318C004D67A5 /* Assets.xcassets */; };
		89987CB720C0318C004D67A5 /* LaunchScreen.storyboard in Resources */ = {isa = PBXBuildFile; fileRef = 89987CB520C0318C004D67A5 /* LaunchScreen.storyboard */; };
		89987CBA20C0318C004D67A5 /* main.m in Sources */ = {isa = PBXBuildFile; fileRef = 89987CB920C0318C004D67A5 /* main.m */; };
		A2A982FE20CA85CB00C8413F /* EXTADT.m in Sources */ = {isa = PBXBuildFile; fileRef = A2A982E720CA85CB00C8413F /* EXTADT.m */; };
		A2A982FF20CA85CB00C8413F /* EXTConcreteProtocol.m in Sources */ = {isa = PBXBuildFile; fileRef = A2A982E920CA85CB00C8413F /* EXTConcreteProtocol.m */; };
		A2A9830020CA85CB00C8413F /* EXTNil.m in Sources */ = {isa = PBXBuildFile; fileRef = A2A982ED20CA85CB00C8413F /* EXTNil.m */; };
		A2A9830120CA85CB00C8413F /* EXTRuntimeExtensions.m in Sources */ = {isa = PBXBuildFile; fileRef = A2A982F120CA85CB00C8413F /* EXTRuntimeExtensions.m */; };
		A2A9830220CA85CB00C8413F /* EXTSafeCategory.m in Sources */ = {isa = PBXBuildFile; fileRef = A2A982F320CA85CB00C8413F /* EXTSafeCategory.m */; };
		A2A9830320CA85CB00C8413F /* EXTScope.m in Sources */ = {isa = PBXBuildFile; fileRef = A2A982F520CA85CB00C8413F /* EXTScope.m */; };
		A2A9830420CA85CB00C8413F /* EXTSelectorChecking.m in Sources */ = {isa = PBXBuildFile; fileRef = A2A982F720CA85CB00C8413F /* EXTSelectorChecking.m */; };
		A2A9830520CA85CB00C8413F /* NSInvocation+EXT.m in Sources */ = {isa = PBXBuildFile; fileRef = A2A982FB20CA85CB00C8413F /* NSInvocation+EXT.m */; };
		A2A9830620CA85CB00C8413F /* NSMethodSignature+EXT.m in Sources */ = {isa = PBXBuildFile; fileRef = A2A982FD20CA85CB00C8413F /* NSMethodSignature+EXT.m */; };
		A2A9830920CA862100C8413F /* TYImageProcessingViewController.m in Sources */ = {isa = PBXBuildFile; fileRef = A2A9830820CA862100C8413F /* TYImageProcessingViewController.m */; };
		A2A9830C20CA883B00C8413F /* 260.png in Resources */ = {isa = PBXBuildFile; fileRef = A2A9830A20CA883B00C8413F /* 260.png */; };
		A2A9830D20CA883B00C8413F /* 20008.png in Resources */ = {isa = PBXBuildFile; fileRef = A2A9830B20CA883B00C8413F /* 20008.png */; };
		A2A9831020CA8B2200C8413F /* TYPublicMethods.m in Sources */ = {isa = PBXBuildFile; fileRef = A2A9830F20CA8B2200C8413F /* TYPublicMethods.m */; };
		A2A9831320CA8F0200C8413F /* TYImageProcessing.m in Sources */ = {isa = PBXBuildFile; fileRef = A2A9831220CA8F0200C8413F /* TYImageProcessing.m */; };
/* End PBXBuildFile section */

/* Begin PBXFileReference section */
		89987CA420C0318C004D67A5 /* Imaga_Template.app */ = {isa = PBXFileReference; explicitFileType = wrapper.application; includeInIndex = 0; path = Imaga_Template.app; sourceTree = BUILT_PRODUCTS_DIR; };
		89987CA720C0318C004D67A5 /* AppDelegate.h */ = {isa = PBXFileReference; lastKnownFileType = sourcecode.c.h; path = AppDelegate.h; sourceTree = "<group>"; };
		89987CA820C0318C004D67A5 /* AppDelegate.m */ = {isa = PBXFileReference; lastKnownFileType = sourcecode.c.objc; path = AppDelegate.m; sourceTree = "<group>"; };
		89987CAA20C0318C004D67A5 /* ViewController.h */ = {isa = PBXFileReference; lastKnownFileType = sourcecode.c.h; path = ViewController.h; sourceTree = "<group>"; };
		89987CAB20C0318C004D67A5 /* ViewController.m */ = {isa = PBXFileReference; lastKnownFileType = sourcecode.c.objc; path = ViewController.m; sourceTree = "<group>"; };
		89987CB120C0318C004D67A5 /* Imaga_Template.xcdatamodel */ = {isa = PBXFileReference; lastKnownFileType = wrapper.xcdatamodel; path = Imaga_Template.xcdatamodel; sourceTree = "<group>"; };
		89987CB320C0318C004D67A5 /* Assets.xcassets */ = {isa = PBXFileReference; lastKnownFileType = folder.assetcatalog; path = Assets.xcassets; sourceTree = "<group>"; };
		89987CB620C0318C004D67A5 /* Base */ = {isa = PBXFileReference; lastKnownFileType = file.storyboard; name = Base; path = Base.lproj/LaunchScreen.storyboard; sourceTree = "<group>"; };
		89987CB820C0318C004D67A5 /* Info.plist */ = {isa = PBXFileReference; lastKnownFileType = text.plist.xml; path = Info.plist; sourceTree = "<group>"; };
		89987CB920C0318C004D67A5 /* main.m */ = {isa = PBXFileReference; lastKnownFileType = sourcecode.c.objc; path = main.m; sourceTree = "<group>"; };
		A2A982E620CA85CB00C8413F /* EXTADT.h */ = {isa = PBXFileReference; fileEncoding = 4; lastKnownFileType = sourcecode.c.h; path = EXTADT.h; sourceTree = "<group>"; };
		A2A982E720CA85CB00C8413F /* EXTADT.m */ = {isa = PBXFileReference; fileEncoding = 4; lastKnownFileType = sourcecode.c.objc; path = EXTADT.m; sourceTree = "<group>"; };
		A2A982E820CA85CB00C8413F /* EXTConcreteProtocol.h */ = {isa = PBXFileReference; fileEncoding = 4; lastKnownFileType = sourcecode.c.h; path = EXTConcreteProtocol.h; sourceTree = "<group>"; };
		A2A982E920CA85CB00C8413F /* EXTConcreteProtocol.m */ = {isa = PBXFileReference; fileEncoding = 4; lastKnownFileType = sourcecode.c.objc; path = EXTConcreteProtocol.m; sourceTree = "<group>"; };
		A2A982EA20CA85CB00C8413F /* EXTCoroutine.h */ = {isa = PBXFileReference; fileEncoding = 4; lastKnownFileType = sourcecode.c.h; path = EXTCoroutine.h; sourceTree = "<group>"; };
		A2A982EB20CA85CB00C8413F /* EXTKeyPathCoding.h */ = {isa = PBXFileReference; fileEncoding = 4; lastKnownFileType = sourcecode.c.h; path = EXTKeyPathCoding.h; sourceTree = "<group>"; };
		A2A982EC20CA85CB00C8413F /* EXTNil.h */ = {isa = PBXFileReference; fileEncoding = 4; lastKnownFileType = sourcecode.c.h; path = EXTNil.h; sourceTree = "<group>"; };
		A2A982ED20CA85CB00C8413F /* EXTNil.m */ = {isa = PBXFileReference; fileEncoding = 4; lastKnownFileType = sourcecode.c.objc; path = EXTNil.m; sourceTree = "<group>"; };
		A2A982EE20CA85CB00C8413F /* extobjc.h */ = {isa = PBXFileReference; fileEncoding = 4; lastKnownFileType = sourcecode.c.h; path = extobjc.h; sourceTree = "<group>"; };
		A2A982EF20CA85CB00C8413F /* extobjc_Prefix.pch */ = {isa = PBXFileReference; fileEncoding = 4; lastKnownFileType = sourcecode.c.h; path = extobjc_Prefix.pch; sourceTree = "<group>"; };
		A2A982F020CA85CB00C8413F /* EXTRuntimeExtensions.h */ = {isa = PBXFileReference; fileEncoding = 4; lastKnownFileType = sourcecode.c.h; path = EXTRuntimeExtensions.h; sourceTree = "<group>"; };
		A2A982F120CA85CB00C8413F /* EXTRuntimeExtensions.m */ = {isa = PBXFileReference; fileEncoding = 4; lastKnownFileType = sourcecode.c.objc; path = EXTRuntimeExtensions.m; sourceTree = "<group>"; };
		A2A982F220CA85CB00C8413F /* EXTSafeCategory.h */ = {isa = PBXFileReference; fileEncoding = 4; lastKnownFileType = sourcecode.c.h; path = EXTSafeCategory.h; sourceTree = "<group>"; };
		A2A982F320CA85CB00C8413F /* EXTSafeCategory.m */ = {isa = PBXFileReference; fileEncoding = 4; lastKnownFileType = sourcecode.c.objc; path = EXTSafeCategory.m; sourceTree = "<group>"; };
		A2A982F420CA85CB00C8413F /* EXTScope.h */ = {isa = PBXFileReference; fileEncoding = 4; lastKnownFileType = sourcecode.c.h; path = EXTScope.h; sourceTree = "<group>"; };
		A2A982F520CA85CB00C8413F /* EXTScope.m */ = {isa = PBXFileReference; fileEncoding = 4; lastKnownFileType = sourcecode.c.objc; path = EXTScope.m; sourceTree = "<group>"; };
		A2A982F620CA85CB00C8413F /* EXTSelectorChecking.h */ = {isa = PBXFileReference; fileEncoding = 4; lastKnownFileType = sourcecode.c.h; path = EXTSelectorChecking.h; sourceTree = "<group>"; };
		A2A982F720CA85CB00C8413F /* EXTSelectorChecking.m */ = {isa = PBXFileReference; fileEncoding = 4; lastKnownFileType = sourcecode.c.objc; path = EXTSelectorChecking.m; sourceTree = "<group>"; };
		A2A982F820CA85CB00C8413F /* EXTSynthesize.h */ = {isa = PBXFileReference; fileEncoding = 4; lastKnownFileType = sourcecode.c.h; path = EXTSynthesize.h; sourceTree = "<group>"; };
		A2A982F920CA85CB00C8413F /* metamacros.h */ = {isa = PBXFileReference; fileEncoding = 4; lastKnownFileType = sourcecode.c.h; path = metamacros.h; sourceTree = "<group>"; };
		A2A982FA20CA85CB00C8413F /* NSInvocation+EXT.h */ = {isa = PBXFileReference; fileEncoding = 4; lastKnownFileType = sourcecode.c.h; path = "NSInvocation+EXT.h"; sourceTree = "<group>"; };
		A2A982FB20CA85CB00C8413F /* NSInvocation+EXT.m */ = {isa = PBXFileReference; fileEncoding = 4; lastKnownFileType = sourcecode.c.objc; path = "NSInvocation+EXT.m"; sourceTree = "<group>"; };
		A2A982FC20CA85CB00C8413F /* NSMethodSignature+EXT.h */ = {isa = PBXFileReference; fileEncoding = 4; lastKnownFileType = sourcecode.c.h; path = "NSMethodSignature+EXT.h"; sourceTree = "<group>"; };
		A2A982FD20CA85CB00C8413F /* NSMethodSignature+EXT.m */ = {isa = PBXFileReference; fileEncoding = 4; lastKnownFileType = sourcecode.c.objc; path = "NSMethodSignature+EXT.m"; sourceTree = "<group>"; };
		A2A9830720CA862100C8413F /* TYImageProcessingViewController.h */ = {isa = PBXFileReference; lastKnownFileType = sourcecode.c.h; path = TYImageProcessingViewController.h; sourceTree = "<group>"; };
		A2A9830820CA862100C8413F /* TYImageProcessingViewController.m */ = {isa = PBXFileReference; lastKnownFileType = sourcecode.c.objc; path = TYImageProcessingViewController.m; sourceTree = "<group>"; };
		A2A9830A20CA883B00C8413F /* 260.png */ = {isa = PBXFileReference; lastKnownFileType = image.png; path = 260.png; sourceTree = "<group>"; };
		A2A9830B20CA883B00C8413F /* 20008.png */ = {isa = PBXFileReference; lastKnownFileType = image.png; path = 20008.png; sourceTree = "<group>"; };
		A2A9830E20CA8B2200C8413F /* TYPublicMethods.h */ = {isa = PBXFileReference; lastKnownFileType = sourcecode.c.h; path = TYPublicMethods.h; sourceTree = "<group>"; };
		A2A9830F20CA8B2200C8413F /* TYPublicMethods.m */ = {isa = PBXFileReference; lastKnownFileType = sourcecode.c.objc; path = TYPublicMethods.m; sourceTree = "<group>"; };
		A2A9831120CA8F0200C8413F /* TYImageProcessing.h */ = {isa = PBXFileReference; lastKnownFileType = sourcecode.c.h; path = TYImageProcessing.h; sourceTree = "<group>"; };
		A2A9831220CA8F0200C8413F /* TYImageProcessing.m */ = {isa = PBXFileReference; lastKnownFileType = sourcecode.c.objc; path = TYImageProcessing.m; sourceTree = "<group>"; };
/* End PBXFileReference section */

/* Begin PBXFrameworksBuildPhase section */
		89987CA120C0318C004D67A5 /* Frameworks */ = {
			isa = PBXFrameworksBuildPhase;
			buildActionMask = 2147483647;
			files = (
			);
			runOnlyForDeploymentPostprocessing = 0;
		};
/* End PBXFrameworksBuildPhase section */

/* Begin PBXGroup section */
		89987C9B20C0318C004D67A5 = {
			isa = PBXGroup;
			children = (
				89987CA620C0318C004D67A5 /* Imaga_Template */,
				89987CA520C0318C004D67A5 /* Products */,
			);
			sourceTree = "<group>";
		};
		89987CA520C0318C004D67A5 /* Products */ = {
			isa = PBXGroup;
			children = (
				89987CA420C0318C004D67A5 /* Imaga_Template.app */,
			);
			name = Products;
			sourceTree = "<group>";
		};
		89987CA620C0318C004D67A5 /* Imaga_Template */ = {
			isa = PBXGroup;
			children = (
				A2A982E520CA85CB00C8413F /* extobjc */,
				89987CA720C0318C004D67A5 /* AppDelegate.h */,
				89987CA820C0318C004D67A5 /* AppDelegate.m */,
				89987CAA20C0318C004D67A5 /* ViewController.h */,
				89987CAB20C0318C004D67A5 /* ViewController.m */,
				A2A9830720CA862100C8413F /* TYImageProcessingViewController.h */,
				A2A9830820CA862100C8413F /* TYImageProcessingViewController.m */,
				A2A9830E20CA8B2200C8413F /* TYPublicMethods.h */,
				A2A9830F20CA8B2200C8413F /* TYPublicMethods.m */,
				A2A9831120CA8F0200C8413F /* TYImageProcessing.h */,
				A2A9831220CA8F0200C8413F /* TYImageProcessing.m */,
				89987CB320C0318C004D67A5 /* Assets.xcassets */,
				A2A9830A20CA883B00C8413F /* 260.png */,
				A2A9830B20CA883B00C8413F /* 20008.png */,
				89987CB520C0318C004D67A5 /* LaunchScreen.storyboard */,
				89987CB820C0318C004D67A5 /* Info.plist */,
				89987CB920C0318C004D67A5 /* main.m */,
				89987CB020C0318C004D67A5 /* Imaga_Template.xcdatamodeld */,
			);
			path = Imaga_Template;
			sourceTree = "<group>";
		};
		A2A982E520CA85CB00C8413F /* extobjc */ = {
			isa = PBXGroup;
			children = (
				A2A982E620CA85CB00C8413F /* EXTADT.h */,
				A2A982E720CA85CB00C8413F /* EXTADT.m */,
				A2A982E820CA85CB00C8413F /* EXTConcreteProtocol.h */,
				A2A982E920CA85CB00C8413F /* EXTConcreteProtocol.m */,
				A2A982EA20CA85CB00C8413F /* EXTCoroutine.h */,
				A2A982EB20CA85CB00C8413F /* EXTKeyPathCoding.h */,
				A2A982EC20CA85CB00C8413F /* EXTNil.h */,
				A2A982ED20CA85CB00C8413F /* EXTNil.m */,
				A2A982EE20CA85CB00C8413F /* extobjc.h */,
				A2A982EF20CA85CB00C8413F /* extobjc_Prefix.pch */,
				A2A982F020CA85CB00C8413F /* EXTRuntimeExtensions.h */,
				A2A982F120CA85CB00C8413F /* EXTRuntimeExtensions.m */,
				A2A982F220CA85CB00C8413F /* EXTSafeCategory.h */,
				A2A982F320CA85CB00C8413F /* EXTSafeCategory.m */,
				A2A982F420CA85CB00C8413F /* EXTScope.h */,
				A2A982F520CA85CB00C8413F /* EXTScope.m */,
				A2A982F620CA85CB00C8413F /* EXTSelectorChecking.h */,
				A2A982F720CA85CB00C8413F /* EXTSelectorChecking.m */,
				A2A982F820CA85CB00C8413F /* EXTSynthesize.h */,
				A2A982F920CA85CB00C8413F /* metamacros.h */,
				A2A982FA20CA85CB00C8413F /* NSInvocation+EXT.h */,
				A2A982FB20CA85CB00C8413F /* NSInvocation+EXT.m */,
				A2A982FC20CA85CB00C8413F /* NSMethodSignature+EXT.h */,
				A2A982FD20CA85CB00C8413F /* NSMethodSignature+EXT.m */,
			);
			path = extobjc;
			sourceTree = "<group>";
		};
/* End PBXGroup section */

/* Begin PBXNativeTarget section */
		89987CA320C0318C004D67A5 /* Imaga_Template */ = {
			isa = PBXNativeTarget;
			buildConfigurationList = 89987CBD20C0318C004D67A5 /* Build configuration list for PBXNativeTarget "Imaga_Template" */;
			buildPhases = (
				89987CA020C0318C004D67A5 /* Sources */,
				89987CA120C0318C004D67A5 /* Frameworks */,
				89987CA220C0318C004D67A5 /* Resources */,
			);
			buildRules = (
			);
			dependencies = (
			);
			name = Imaga_Template;
			productName = Imaga_Template;
			productReference = 89987CA420C0318C004D67A5 /* Imaga_Template.app */;
			productType = "com.apple.product-type.application";
		};
/* End PBXNativeTarget section */

/* Begin PBXProject section */
		89987C9C20C0318C004D67A5 /* Project object */ = {
			isa = PBXProject;
			attributes = {
				LastUpgradeCheck = 0920;
				ORGANIZATIONNAME = yitang;
				TargetAttributes = {
					89987CA320C0318C004D67A5 = {
						CreatedOnToolsVersion = 9.2;
						ProvisioningStyle = Automatic;
					};
				};
			};
			buildConfigurationList = 89987C9F20C0318C004D67A5 /* Build configuration list for PBXProject "Imaga_Template" */;
			compatibilityVersion = "Xcode 8.0";
			developmentRegion = en;
			hasScannedForEncodings = 0;
			knownRegions = (
				en,
				Base,
			);
			mainGroup = 89987C9B20C0318C004D67A5;
			productRefGroup = 89987CA520C0318C004D67A5 /* Products */;
			projectDirPath = "";
			projectRoot = "";
			targets = (
				89987CA320C0318C004D67A5 /* Imaga_Template */,
			);
		};
/* End PBXProject section */

/* Begin PBXResourcesBuildPhase section */
		89987CA220C0318C004D67A5 /* Resources */ = {
			isa = PBXResourcesBuildPhase;
			buildActionMask = 2147483647;
			files = (
				A2A9830C20CA883B00C8413F /* 260.png in Resources */,
				89987CB720C0318C004D67A5 /* LaunchScreen.storyboard in Resources */,
				A2A9830D20CA883B00C8413F /* 20008.png in Resources */,
				89987CB420C0318C004D67A5 /* Assets.xcassets in Resources */,
			);
			runOnlyForDeploymentPostprocessing = 0;
		};
/* End PBXResourcesBuildPhase section */

/* Begin PBXSourcesBuildPhase section */
		89987CA020C0318C004D67A5 /* Sources */ = {
			isa = PBXSourcesBuildPhase;
			buildActionMask = 2147483647;
			files = (
				A2A9830620CA85CB00C8413F /* NSMethodSignature+EXT.m in Sources */,
				A2A9830320CA85CB00C8413F /* EXTScope.m in Sources */,
				A2A9831020CA8B2200C8413F /* TYPublicMethods.m in Sources */,
				89987CAC20C0318C004D67A5 /* ViewController.m in Sources */,
				A2A982FE20CA85CB00C8413F /* EXTADT.m in Sources */,
				A2A9830920CA862100C8413F /* TYImageProcessingViewController.m in Sources */,
				A2A982FF20CA85CB00C8413F /* EXTConcreteProtocol.m in Sources */,
				89987CB220C0318C004D67A5 /* Imaga_Template.xcdatamodeld in Sources */,
				A2A9830420CA85CB00C8413F /* EXTSelectorChecking.m in Sources */,
				A2A9830020CA85CB00C8413F /* EXTNil.m in Sources */,
				89987CBA20C0318C004D67A5 /* main.m in Sources */,
				A2A9831320CA8F0200C8413F /* TYImageProcessing.m in Sources */,
				A2A9830520CA85CB00C8413F /* NSInvocation+EXT.m in Sources */,
				A2A9830220CA85CB00C8413F /* EXTSafeCategory.m in Sources */,
				A2A9830120CA85CB00C8413F /* EXTRuntimeExtensions.m in Sources */,
				89987CA920C0318C004D67A5 /* AppDelegate.m in Sources */,
			);
			runOnlyForDeploymentPostprocessing = 0;
		};
/* End PBXSourcesBuildPhase section */

/* Begin PBXVariantGroup section */
		89987CB520C0318C004D67A5 /* LaunchScreen.storyboard */ = {
			isa = PBXVariantGroup;
			children = (
				89987CB620C0318C004D67A5 /* Base */,
			);
			name = LaunchScreen.storyboard;
			sourceTree = "<group>";
		};
/* End PBXVariantGroup section */

/* Begin XCBuildConfiguration section */
		89987CBB20C0318C004D67A5 /* Debug */ = {
			isa = XCBuildConfiguration;
			buildSettings = {
				ALWAYS_SEARCH_USER_PATHS = NO;
				CLANG_ANALYZER_NONNULL = YES;
				CLANG_ANALYZER_NUMBER_OBJECT_CONVERSION = YES_AGGRESSIVE;
				CLANG_CXX_LANGUAGE_STANDARD = "gnu++14";
				CLANG_CXX_LIBRARY = "libc++";
				CLANG_ENABLE_MODULES = YES;
				CLANG_ENABLE_OBJC_ARC = YES;
				CLANG_WARN_BLOCK_CAPTURE_AUTORELEASING = YES;
				CLANG_WARN_BOOL_CONVERSION = YES;
				CLANG_WARN_COMMA = YES;
				CLANG_WARN_CONSTANT_CONVERSION = YES;
				CLANG_WARN_DIRECT_OBJC_ISA_USAGE = YES_ERROR;
				CLANG_WARN_DOCUMENTATION_COMMENTS = YES;
				CLANG_WARN_EMPTY_BODY = YES;
				CLANG_WARN_ENUM_CONVERSION = YES;
				CLANG_WARN_INFINITE_RECURSION = YES;
				CLANG_WARN_INT_CONVERSION = YES;
				CLANG_WARN_NON_LITERAL_NULL_CONVERSION = YES;
				CLANG_WARN_OBJC_LITERAL_CONVERSION = YES;
				CLANG_WARN_OBJC_ROOT_CLASS = YES_ERROR;
				CLANG_WARN_RANGE_LOOP_ANALYSIS = YES;
				CLANG_WARN_STRICT_PROTOTYPES = YES;
				CLANG_WARN_SUSPICIOUS_MOVE = YES;
				CLANG_WARN_UNGUARDED_AVAILABILITY = YES_AGGRESSIVE;
				CLANG_WARN_UNREACHABLE_CODE = YES;
				CLANG_WARN__DUPLICATE_METHOD_MATCH = YES;
				CODE_SIGN_IDENTITY = "iPhone Developer";
				COPY_PHASE_STRIP = NO;
				DEBUG_INFORMATION_FORMAT = dwarf;
				ENABLE_STRICT_OBJC_MSGSEND = YES;
				ENABLE_TESTABILITY = YES;
				GCC_C_LANGUAGE_STANDARD = gnu11;
				GCC_DYNAMIC_NO_PIC = NO;
				GCC_NO_COMMON_BLOCKS = YES;
				GCC_OPTIMIZATION_LEVEL = 0;
				GCC_PREPROCESSOR_DEFINITIONS = (
					"DEBUG=1",
					"$(inherited)",
				);
				GCC_WARN_64_TO_32_BIT_CONVERSION = YES;
				GCC_WARN_ABOUT_RETURN_TYPE = YES_ERROR;
				GCC_WARN_UNDECLARED_SELECTOR = YES;
				GCC_WARN_UNINITIALIZED_AUTOS = YES_AGGRESSIVE;
				GCC_WARN_UNUSED_FUNCTION = YES;
				GCC_WARN_UNUSED_VARIABLE = YES;
				IPHONEOS_DEPLOYMENT_TARGET = 11.2;
				MTL_ENABLE_DEBUG_INFO = YES;
				ONLY_ACTIVE_ARCH = YES;
				SDKROOT = iphoneos;
			};
			name = Debug;
		};
		89987CBC20C0318C004D67A5 /* Release */ = {
			isa = XCBuildConfiguration;
			buildSettings = {
				ALWAYS_SEARCH_USER_PATHS = NO;
				CLANG_ANALYZER_NONNULL = YES;
				CLANG_ANALYZER_NUMBER_OBJECT_CONVERSION = YES_AGGRESSIVE;
				CLANG_CXX_LANGUAGE_STANDARD = "gnu++14";
				CLANG_CXX_LIBRARY = "libc++";
				CLANG_ENABLE_MODULES = YES;
				CLANG_ENABLE_OBJC_ARC = YES;
				CLANG_WARN_BLOCK_CAPTURE_AUTORELEASING = YES;
				CLANG_WARN_BOOL_CONVERSION = YES;
				CLANG_WARN_COMMA = YES;
				CLANG_WARN_CONSTANT_CONVERSION = YES;
				CLANG_WARN_DIRECT_OBJC_ISA_USAGE = YES_ERROR;
				CLANG_WARN_DOCUMENTATION_COMMENTS = YES;
				CLANG_WARN_EMPTY_BODY = YES;
				CLANG_WARN_ENUM_CONVERSION = YES;
				CLANG_WARN_INFINITE_RECURSION = YES;
				CLANG_WARN_INT_CONVERSION = YES;
				CLANG_WARN_NON_LITERAL_NULL_CONVERSION = YES;
				CLANG_WARN_OBJC_LITERAL_CONVERSION = YES;
				CLANG_WARN_OBJC_ROOT_CLASS = YES_ERROR;
				CLANG_WARN_RANGE_LOOP_ANALYSIS = YES;
				CLANG_WARN_STRICT_PROTOTYPES = YES;
				CLANG_WARN_SUSPICIOUS_MOVE = YES;
				CLANG_WARN_UNGUARDED_AVAILABILITY = YES_AGGRESSIVE;
				CLANG_WARN_UNREACHABLE_CODE = YES;
				CLANG_WARN__DUPLICATE_METHOD_MATCH = YES;
				CODE_SIGN_IDENTITY = "iPhone Developer";
				COPY_PHASE_STRIP = NO;
				DEBUG_INFORMATION_FORMAT = "dwarf-with-dsym";
				ENABLE_NS_ASSERTIONS = NO;
				ENABLE_STRICT_OBJC_MSGSEND = YES;
				GCC_C_LANGUAGE_STANDARD = gnu11;
				GCC_NO_COMMON_BLOCKS = YES;
				GCC_WARN_64_TO_32_BIT_CONVERSION = YES;
				GCC_WARN_ABOUT_RETURN_TYPE = YES_ERROR;
				GCC_WARN_UNDECLARED_SELECTOR = YES;
				GCC_WARN_UNINITIALIZED_AUTOS = YES_AGGRESSIVE;
				GCC_WARN_UNUSED_FUNCTION = YES;
				GCC_WARN_UNUSED_VARIABLE = YES;
				IPHONEOS_DEPLOYMENT_TARGET = 11.2;
				MTL_ENABLE_DEBUG_INFO = NO;
				SDKROOT = iphoneos;
				VALIDATE_PRODUCT = YES;
			};
			name = Release;
		};
		89987CBE20C0318C004D67A5 /* Debug */ = {
			isa = XCBuildConfiguration;
			buildSettings = {
				ASSETCATALOG_COMPILER_APPICON_NAME = AppIcon;
				CODE_SIGN_STYLE = Automatic;
				INFOPLIST_FILE = Imaga_Template/Info.plist;
				IPHONEOS_DEPLOYMENT_TARGET = 8.0;
				LD_RUNPATH_SEARCH_PATHS = "$(inherited) @executable_path/Frameworks";
				PRODUCT_BUNDLE_IDENTIFIER = "Users-yitang-desktop-App-MyItem.Imaga-Template";
				PRODUCT_NAME = "$(TARGET_NAME)";
				TARGETED_DEVICE_FAMILY = "1,2";
			};
			name = Debug;
		};
		89987CBF20C0318C004D67A5 /* Release */ = {
			isa = XCBuildConfiguration;
			buildSettings = {
				ASSETCATALOG_COMPILER_APPICON_NAME = AppIcon;
				CODE_SIGN_STYLE = Automatic;
				INFOPLIST_FILE = Imaga_Template/Info.plist;
				IPHONEOS_DEPLOYMENT_TARGET = 8.0;
				LD_RUNPATH_SEARCH_PATHS = "$(inherited) @executable_path/Frameworks";
				PRODUCT_BUNDLE_IDENTIFIER = "Users-yitang-desktop-App-MyItem.Imaga-Template";
				PRODUCT_NAME = "$(TARGET_NAME)";
				TARGETED_DEVICE_FAMILY = "1,2";
			};
			name = Release;
		};
/* End XCBuildConfiguration section */

/* Begin XCConfigurationList section */
		89987C9F20C0318C004D67A5 /* Build configuration list for PBXProject "Imaga_Template" */ = {
			isa = XCConfigurationList;
			buildConfigurations = (
				89987CBB20C0318C004D67A5 /* Debug */,
				89987CBC20C0318C004D67A5 /* Release */,
			);
			defaultConfigurationIsVisible = 0;
			defaultConfigurationName = Release;
		};
		89987CBD20C0318C004D67A5 /* Build configuration list for PBXNativeTarget "Imaga_Template" */ = {
			isa = XCConfigurationList;
			buildConfigurations = (
				89987CBE20C0318C004D67A5 /* Debug */,
				89987CBF20C0318C004D67A5 /* Release */,
			);
			defaultConfigurationIsVisible = 0;
			defaultConfigurationName = Release;
		};
/* End XCConfigurationList section */

/* Begin XCVersionGroup section */
		89987CB020C0318C004D67A5 /* Imaga_Template.xcdatamodeld */ = {
			isa = XCVersionGroup;
			children = (
				89987CB120C0318C004D67A5 /* Imaga_Template.xcdatamodel */,
			);
			currentVersion = 89987CB120C0318C004D67A5 /* Imaga_Template.xcdatamodel */;
			path = Imaga_Template.xcdatamodeld;
			sourceTree = "<group>";
			versionGroupType = wrapper.xcdatamodel;
		};
/* End XCVersionGroup section */
	};
	rootObject = 89987C9C20C0318C004D67A5 /* Project object */;
}
